{
  "version": 4,
  "terraform_version": "0.14.4",
  "serial": 44,
  "lineage": "84761d45-b3d0-0d95-0024-3984c7e99bca",
  "outputs": {},
  "resources": [
    {
      "mode": "data",
      "type": "google_client_config",
      "name": "default",
      "provider": "provider[\"registry.terraform.io/hashicorp/google\"]",
      "instances": [
        {
          "schema_version": 0,
          "attributes": {
            "access_token": "ya29.a0AfH6SMCvWJ7KnUs8kTlsVEwwFhdnlbCK0m8B2CN7nwkFkVpsYkrn4gph20FN6-0VdODHe2DSvRLrFCGLEzrfZs17ZHK3c0OjbM3wKGCo7eTkB6k11nbERglx1a3i3OMyAHbmSNQ1o4NP_5W_Hma63vQidTxB_NE6ZbGMkQd7Q4Zt_w",
            "id": "2021-01-21 05:24:53.274460226 +0000 UTC",
            "project": "scorpio-216915",
            "region": "",
            "zone": ""
          },
          "sensitive_attributes": []
        }
      ]
    },
    {
      "mode": "managed",
      "type": "google_compute_disk",
      "name": "artifact_store",
      "provider": "provider[\"registry.terraform.io/hashicorp/google\"]",
      "instances": [
        {
          "schema_version": 0,
          "attributes": {
            "creation_timestamp": "2021-01-20T18:35:13.016-08:00",
            "description": "",
            "disk_encryption_key": [],
            "disk_encryption_key_raw": null,
            "disk_encryption_key_sha256": null,
            "id": "same-cluster-artifact-store",
            "image": "",
            "label_fingerprint": "0Xe16oD9fAc=",
            "labels": {
              "application": "kubeflow",
              "cloudsql-instance-suffix": "21bd7f66",
              "env": "same-test",
              "goog-gke-volume": ""
            },
            "last_attach_timestamp": "",
            "last_detach_timestamp": "",
            "name": "same-cluster-artifact-store",
            "physical_block_size_bytes": 4096,
            "project": "scorpio-216915",
            "self_link": "https://www.googleapis.com/compute/v1/projects/scorpio-216915/zones/us-central1-c/disks/same-cluster-artifact-store",
            "size": 200,
            "snapshot": "",
            "source_image_encryption_key": [],
            "source_image_id": "",
            "source_snapshot_encryption_key": [],
            "source_snapshot_id": "",
            "timeouts": null,
            "type": "pd-standard",
            "users": [],
            "zone": "us-central1-c"
          },
          "sensitive_attributes": [],
          "private": "eyJlMmJmYjczMC1lY2FhLTExZTYtOGY4OC0zNDM2M2JjN2M0YzAiOnsiY3JlYXRlIjozMDAwMDAwMDAwMDAsImRlbGV0ZSI6MjQwMDAwMDAwMDAwLCJ1cGRhdGUiOjI0MDAwMDAwMDAwMH19",
          "dependencies": [
            "random_id.db_name_suffix"
          ]
        }
      ]
    },
    {
      "mode": "managed",
      "type": "google_compute_resource_policy",
      "name": "artifact_store-snapshot-schedule",
      "provider": "provider[\"registry.terraform.io/hashicorp/google-beta\"]",
      "instances": [
        {
          "schema_version": 0,
          "attributes": {
            "id": "same-cluster-artifact-store-snapshot-schedule",
            "name": "same-cluster-artifact-store-snapshot-schedule",
            "project": "scorpio-216915",
            "region": "https://www.googleapis.com/compute/v1/projects/scorpio-216915/regions/us-central1",
            "self_link": "https://www.googleapis.com/compute/v1/projects/scorpio-216915/regions/us-central1/resourcePolicies/same-cluster-artifact-store-snapshot-schedule",
            "snapshot_schedule_policy": [
              {
                "retention_policy": [
                  {
                    "max_retention_days": 7,
                    "on_source_disk_delete": "APPLY_RETENTION_POLICY"
                  }
                ],
                "schedule": [
                  {
                    "daily_schedule": [
                      {
                        "days_in_cycle": 1,
                        "start_time": "04:00"
                      }
                    ],
                    "hourly_schedule": [],
                    "weekly_schedule": []
                  }
                ],
                "snapshot_properties": [
                  {
                    "guest_flush": false,
                    "labels": {
                      "application": "kubeflow",
                      "cloudsql-instance-suffix": "21bd7f66",
                      "env": "same-test"
                    },
                    "storage_locations": []
                  }
                ]
              }
            ],
            "timeouts": null
          },
          "sensitive_attributes": [],
          "private": "eyJlMmJmYjczMC1lY2FhLTExZTYtOGY4OC0zNDM2M2JjN2M0YzAiOnsiY3JlYXRlIjoyNDAwMDAwMDAwMDAsImRlbGV0ZSI6MjQwMDAwMDAwMDAwfX0=",
          "dependencies": [
            "google_compute_disk.artifact_store",
            "random_id.db_name_suffix"
          ]
        }
      ]
    },
    {
      "mode": "managed",
      "type": "google_container_node_pool",
      "name": "gpu_pool",
      "provider": "provider[\"registry.terraform.io/hashicorp/google-beta\"]",
      "instances": []
    },
    {
      "mode": "managed",
      "type": "google_container_node_pool",
      "name": "highmem_pool",
      "provider": "provider[\"registry.terraform.io/hashicorp/google-beta\"]",
      "instances": []
    },
    {
      "mode": "managed",
      "type": "google_container_node_pool",
      "name": "main_pool",
      "provider": "provider[\"registry.terraform.io/hashicorp/google-beta\"]",
      "instances": []
    },
    {
      "mode": "managed",
      "type": "google_project_iam_member",
      "name": "cloudsql_proxy-cloudsql_admin",
      "provider": "provider[\"registry.terraform.io/hashicorp/google\"]",
      "instances": [
        {
          "schema_version": 0,
          "attributes": {
            "etag": "BwW5X+1TU9g=",
            "id": "scorpio-216915/roles/cloudsql.admin/serviceaccount:same-cluster-cloudsqlproxy-sa@scorpio-216915.iam.gserviceaccount.com",
            "member": "serviceAccount:same-cluster-cloudsqlproxy-sa@scorpio-216915.iam.gserviceaccount.com",
            "project": "scorpio-216915",
            "role": "roles/cloudsql.admin"
          },
          "sensitive_attributes": [],
          "private": "bnVsbA==",
          "dependencies": [
            "google_service_account.cloudsql_proxy"
          ]
        }
      ]
    },
    {
      "mode": "managed",
      "type": "google_project_iam_member",
      "name": "cloudsql_proxy-cloudsql_client",
      "provider": "provider[\"registry.terraform.io/hashicorp/google\"]",
      "instances": [
        {
          "schema_version": 0,
          "attributes": {
            "etag": "BwW5X+1TU9g=",
            "id": "scorpio-216915/roles/cloudsql.client/serviceaccount:same-cluster-cloudsqlproxy-sa@scorpio-216915.iam.gserviceaccount.com",
            "member": "serviceAccount:same-cluster-cloudsqlproxy-sa@scorpio-216915.iam.gserviceaccount.com",
            "project": "scorpio-216915",
            "role": "roles/cloudsql.client"
          },
          "sensitive_attributes": [],
          "private": "bnVsbA==",
          "dependencies": [
            "google_service_account.cloudsql_proxy"
          ]
        }
      ]
    },
    {
      "mode": "managed",
      "type": "google_project_iam_member",
      "name": "cloudsql_proxy-cloudsql_editor",
      "provider": "provider[\"registry.terraform.io/hashicorp/google\"]",
      "instances": [
        {
          "schema_version": 0,
          "attributes": {
            "etag": "BwW5X+1TU9g=",
            "id": "scorpio-216915/roles/cloudsql.editor/serviceaccount:same-cluster-cloudsqlproxy-sa@scorpio-216915.iam.gserviceaccount.com",
            "member": "serviceAccount:same-cluster-cloudsqlproxy-sa@scorpio-216915.iam.gserviceaccount.com",
            "project": "scorpio-216915",
            "role": "roles/cloudsql.editor"
          },
          "sensitive_attributes": [],
          "private": "bnVsbA==",
          "dependencies": [
            "google_service_account.cloudsql_proxy"
          ]
        }
      ]
    },
    {
      "mode": "managed",
      "type": "google_project_iam_member",
      "name": "kubeflow_admin-compute_networkadmin",
      "provider": "provider[\"registry.terraform.io/hashicorp/google\"]",
      "instances": [
        {
          "schema_version": 0,
          "attributes": {
            "etag": "BwW5X+1TU9g=",
            "id": "scorpio-216915/roles/compute.networkAdmin/serviceaccount:same-cluster-admin-sa@scorpio-216915.iam.gserviceaccount.com",
            "member": "serviceAccount:same-cluster-admin-sa@scorpio-216915.iam.gserviceaccount.com",
            "project": "scorpio-216915",
            "role": "roles/compute.networkAdmin"
          },
          "sensitive_attributes": [],
          "private": "bnVsbA==",
          "dependencies": [
            "google_service_account.kubeflow_admin"
          ]
        }
      ]
    },
    {
      "mode": "managed",
      "type": "google_project_iam_member",
      "name": "kubeflow_admin-servicemanagement-admin",
      "provider": "provider[\"registry.terraform.io/hashicorp/google\"]",
      "instances": [
        {
          "schema_version": 0,
          "attributes": {
            "etag": "BwW5X+1TU9g=",
            "id": "scorpio-216915/roles/servicemanagement.admin/serviceaccount:same-cluster-admin-sa@scorpio-216915.iam.gserviceaccount.com",
            "member": "serviceAccount:same-cluster-admin-sa@scorpio-216915.iam.gserviceaccount.com",
            "project": "scorpio-216915",
            "role": "roles/servicemanagement.admin"
          },
          "sensitive_attributes": [],
          "private": "bnVsbA==",
          "dependencies": [
            "google_service_account.kubeflow_admin"
          ]
        }
      ]
    },
    {
      "mode": "managed",
      "type": "google_project_iam_member",
      "name": "kubeflow_admin-source_admin",
      "provider": "provider[\"registry.terraform.io/hashicorp/google\"]",
      "instances": [
        {
          "schema_version": 0,
          "attributes": {
            "etag": "BwW5X+1TU9g=",
            "id": "scorpio-216915/roles/source.admin/serviceaccount:same-cluster-admin-sa@scorpio-216915.iam.gserviceaccount.com",
            "member": "serviceAccount:same-cluster-admin-sa@scorpio-216915.iam.gserviceaccount.com",
            "project": "scorpio-216915",
            "role": "roles/source.admin"
          },
          "sensitive_attributes": [],
          "private": "bnVsbA==",
          "dependencies": [
            "google_service_account.kubeflow_admin"
          ]
        }
      ]
    },
    {
      "mode": "managed",
      "type": "google_project_iam_member",
      "name": "kubeflow_user-compute-bigquery_admin",
      "provider": "provider[\"registry.terraform.io/hashicorp/google\"]",
      "instances": [
        {
          "schema_version": 0,
          "attributes": {
            "etag": "BwW5X+1TU9g=",
            "id": "scorpio-216915/roles/bigquery.admin/serviceaccount:same-cluster-user-sa@scorpio-216915.iam.gserviceaccount.com",
            "member": "serviceAccount:same-cluster-user-sa@scorpio-216915.iam.gserviceaccount.com",
            "project": "scorpio-216915",
            "role": "roles/bigquery.admin"
          },
          "sensitive_attributes": [],
          "private": "bnVsbA==",
          "dependencies": [
            "google_service_account.kubeflow_user"
          ]
        }
      ]
    },
    {
      "mode": "managed",
      "type": "google_project_iam_member",
      "name": "kubeflow_user-compute-cloudbuild_builds_editor",
      "provider": "provider[\"registry.terraform.io/hashicorp/google\"]",
      "instances": [
        {
          "schema_version": 0,
          "attributes": {
            "etag": "BwW5X+1TU9g=",
            "id": "scorpio-216915/roles/cloudbuild.builds.editor/serviceaccount:same-cluster-user-sa@scorpio-216915.iam.gserviceaccount.com",
            "member": "serviceAccount:same-cluster-user-sa@scorpio-216915.iam.gserviceaccount.com",
            "project": "scorpio-216915",
            "role": "roles/cloudbuild.builds.editor"
          },
          "sensitive_attributes": [],
          "private": "bnVsbA==",
          "dependencies": [
            "google_service_account.kubeflow_user"
          ]
        }
      ]
    },
    {
      "mode": "managed",
      "type": "google_project_iam_member",
      "name": "kubeflow_user-compute-cloudsql_admin",
      "provider": "provider[\"registry.terraform.io/hashicorp/google\"]",
      "instances": [
        {
          "schema_version": 0,
          "attributes": {
            "etag": "BwW5X+1TU9g=",
            "id": "scorpio-216915/roles/cloudsql.admin/serviceaccount:same-cluster-user-sa@scorpio-216915.iam.gserviceaccount.com",
            "member": "serviceAccount:same-cluster-user-sa@scorpio-216915.iam.gserviceaccount.com",
            "project": "scorpio-216915",
            "role": "roles/cloudsql.admin"
          },
          "sensitive_attributes": [],
          "private": "bnVsbA==",
          "dependencies": [
            "google_service_account.kubeflow_user"
          ]
        }
      ]
    },
    {
      "mode": "managed",
      "type": "google_project_iam_member",
      "name": "kubeflow_user-compute-dataflow_admin",
      "provider": "provider[\"registry.terraform.io/hashicorp/google\"]",
      "instances": [
        {
          "schema_version": 0,
          "attributes": {
            "etag": "BwW5X+1TU9g=",
            "id": "scorpio-216915/roles/dataflow.admin/serviceaccount:same-cluster-user-sa@scorpio-216915.iam.gserviceaccount.com",
            "member": "serviceAccount:same-cluster-user-sa@scorpio-216915.iam.gserviceaccount.com",
            "project": "scorpio-216915",
            "role": "roles/dataflow.admin"
          },
          "sensitive_attributes": [],
          "private": "bnVsbA==",
          "dependencies": [
            "google_service_account.kubeflow_user"
          ]
        }
      ]
    },
    {
      "mode": "managed",
      "type": "google_project_iam_member",
      "name": "kubeflow_user-compute-dataproc_editor",
      "provider": "provider[\"registry.terraform.io/hashicorp/google\"]",
      "instances": [
        {
          "schema_version": 0,
          "attributes": {
            "etag": "BwW5X+1TU9g=",
            "id": "scorpio-216915/roles/dataproc.editor/serviceaccount:same-cluster-user-sa@scorpio-216915.iam.gserviceaccount.com",
            "member": "serviceAccount:same-cluster-user-sa@scorpio-216915.iam.gserviceaccount.com",
            "project": "scorpio-216915",
            "role": "roles/dataproc.editor"
          },
          "sensitive_attributes": [],
          "private": "bnVsbA==",
          "dependencies": [
            "google_service_account.kubeflow_user"
          ]
        }
      ]
    },
    {
      "mode": "managed",
      "type": "google_project_iam_member",
      "name": "kubeflow_user-compute-ml_admin",
      "provider": "provider[\"registry.terraform.io/hashicorp/google\"]",
      "instances": [
        {
          "schema_version": 0,
          "attributes": {
            "etag": "BwW5X+1TU9g=",
            "id": "scorpio-216915/roles/ml.admin/serviceaccount:same-cluster-user-sa@scorpio-216915.iam.gserviceaccount.com",
            "member": "serviceAccount:same-cluster-user-sa@scorpio-216915.iam.gserviceaccount.com",
            "project": "scorpio-216915",
            "role": "roles/ml.admin"
          },
          "sensitive_attributes": [],
          "private": "bnVsbA==",
          "dependencies": [
            "google_service_account.kubeflow_user"
          ]
        }
      ]
    },
    {
      "mode": "managed",
      "type": "google_project_iam_member",
      "name": "kubeflow_user-compute-source_admin",
      "provider": "provider[\"registry.terraform.io/hashicorp/google\"]",
      "instances": [
        {
          "schema_version": 0,
          "attributes": {
            "etag": "BwW5X+1TU9g=",
            "id": "scorpio-216915/roles/source.admin/serviceaccount:same-cluster-user-sa@scorpio-216915.iam.gserviceaccount.com",
            "member": "serviceAccount:same-cluster-user-sa@scorpio-216915.iam.gserviceaccount.com",
            "project": "scorpio-216915",
            "role": "roles/source.admin"
          },
          "sensitive_attributes": [],
          "private": "bnVsbA==",
          "dependencies": [
            "google_service_account.kubeflow_user"
          ]
        }
      ]
    },
    {
      "mode": "managed",
      "type": "google_project_iam_member",
      "name": "kubeflow_user-compute-storage_admin",
      "provider": "provider[\"registry.terraform.io/hashicorp/google\"]",
      "instances": [
        {
          "schema_version": 0,
          "attributes": {
            "etag": "BwW5X+1TU9g=",
            "id": "scorpio-216915/roles/storage.admin/serviceaccount:same-cluster-user-sa@scorpio-216915.iam.gserviceaccount.com",
            "member": "serviceAccount:same-cluster-user-sa@scorpio-216915.iam.gserviceaccount.com",
            "project": "scorpio-216915",
            "role": "roles/storage.admin"
          },
          "sensitive_attributes": [],
          "private": "bnVsbA==",
          "dependencies": [
            "google_service_account.kubeflow_user"
          ]
        }
      ]
    },
    {
      "mode": "managed",
      "type": "google_project_iam_member",
      "name": "kubeflow_user-compute-viewer",
      "provider": "provider[\"registry.terraform.io/hashicorp/google\"]",
      "instances": [
        {
          "schema_version": 0,
          "attributes": {
            "etag": "BwW5X+1TU9g=",
            "id": "scorpio-216915/roles/viewer/serviceaccount:same-cluster-user-sa@scorpio-216915.iam.gserviceaccount.com",
            "member": "serviceAccount:same-cluster-user-sa@scorpio-216915.iam.gserviceaccount.com",
            "project": "scorpio-216915",
            "role": "roles/viewer"
          },
          "sensitive_attributes": [],
          "private": "bnVsbA==",
          "dependencies": [
            "google_service_account.kubeflow_user"
          ]
        }
      ]
    },
    {
      "mode": "managed",
      "type": "google_project_iam_member",
      "name": "kubeflow_vm-compute-logging_logwriter",
      "provider": "provider[\"registry.terraform.io/hashicorp/google\"]",
      "instances": [
        {
          "schema_version": 0,
          "attributes": {
            "etag": "BwW5X+1TU9g=",
            "id": "scorpio-216915/roles/logging.logWriter/serviceaccount:same-cluster-vm-sa@scorpio-216915.iam.gserviceaccount.com",
            "member": "serviceAccount:same-cluster-vm-sa@scorpio-216915.iam.gserviceaccount.com",
            "project": "scorpio-216915",
            "role": "roles/logging.logWriter"
          },
          "sensitive_attributes": [],
          "private": "bnVsbA==",
          "dependencies": [
            "google_service_account.kubeflow_vm"
          ]
        }
      ]
    },
    {
      "mode": "managed",
      "type": "google_project_iam_member",
      "name": "kubeflow_vm-compute-monitoring_metricwriter",
      "provider": "provider[\"registry.terraform.io/hashicorp/google\"]",
      "instances": [
        {
          "schema_version": 0,
          "attributes": {
            "etag": "BwW5X+1TU9g=",
            "id": "scorpio-216915/roles/monitoring.metricWriter/serviceaccount:same-cluster-vm-sa@scorpio-216915.iam.gserviceaccount.com",
            "member": "serviceAccount:same-cluster-vm-sa@scorpio-216915.iam.gserviceaccount.com",
            "project": "scorpio-216915",
            "role": "roles/monitoring.metricWriter"
          },
          "sensitive_attributes": [],
          "private": "bnVsbA==",
          "dependencies": [
            "google_service_account.kubeflow_vm"
          ]
        }
      ]
    },
    {
      "mode": "managed",
      "type": "google_project_iam_member",
      "name": "kubeflow_vm-compute-storage_objectviewer",
      "provider": "provider[\"registry.terraform.io/hashicorp/google\"]",
      "instances": [
        {
          "schema_version": 0,
          "attributes": {
            "etag": "BwW5X+1TU9g=",
            "id": "scorpio-216915/roles/storage.objectViewer/serviceaccount:same-cluster-vm-sa@scorpio-216915.iam.gserviceaccount.com",
            "member": "serviceAccount:same-cluster-vm-sa@scorpio-216915.iam.gserviceaccount.com",
            "project": "scorpio-216915",
            "role": "roles/storage.objectViewer"
          },
          "sensitive_attributes": [],
          "private": "bnVsbA==",
          "dependencies": [
            "google_service_account.kubeflow_vm"
          ]
        }
      ]
    },
    {
      "mode": "managed",
      "type": "google_service_account",
      "name": "cloudsql_proxy",
      "provider": "provider[\"registry.terraform.io/hashicorp/google\"]",
      "instances": [
        {
          "schema_version": 0,
          "attributes": {
            "account_id": "same-cluster-cloudsqlproxy-sa",
            "description": "",
            "display_name": "Service account for same-cluster to connect to cloudsql",
            "email": "same-cluster-cloudsqlproxy-sa@scorpio-216915.iam.gserviceaccount.com",
            "id": "projects/scorpio-216915/serviceAccounts/same-cluster-cloudsqlproxy-sa@scorpio-216915.iam.gserviceaccount.com",
            "name": "projects/scorpio-216915/serviceAccounts/same-cluster-cloudsqlproxy-sa@scorpio-216915.iam.gserviceaccount.com",
            "policy_data": null,
            "project": "scorpio-216915",
            "unique_id": "102700586107586778240"
          },
          "sensitive_attributes": [],
          "private": "bnVsbA=="
        }
      ]
    },
    {
      "mode": "managed",
      "type": "google_service_account",
      "name": "kubeflow_admin",
      "provider": "provider[\"registry.terraform.io/hashicorp/google\"]",
      "instances": [
        {
          "schema_version": 0,
          "attributes": {
            "account_id": "same-cluster-admin-sa",
            "description": "",
            "display_name": "Admin account for same-cluster",
            "email": "same-cluster-admin-sa@scorpio-216915.iam.gserviceaccount.com",
            "id": "projects/scorpio-216915/serviceAccounts/same-cluster-admin-sa@scorpio-216915.iam.gserviceaccount.com",
            "name": "projects/scorpio-216915/serviceAccounts/same-cluster-admin-sa@scorpio-216915.iam.gserviceaccount.com",
            "policy_data": null,
            "project": "scorpio-216915",
            "unique_id": "114819553680163097036"
          },
          "sensitive_attributes": [],
          "private": "bnVsbA=="
        }
      ]
    },
    {
      "mode": "managed",
      "type": "google_service_account",
      "name": "kubeflow_user",
      "provider": "provider[\"registry.terraform.io/hashicorp/google\"]",
      "instances": [
        {
          "schema_version": 0,
          "attributes": {
            "account_id": "same-cluster-user-sa",
            "description": "",
            "display_name": "User account for same-cluster",
            "email": "same-cluster-user-sa@scorpio-216915.iam.gserviceaccount.com",
            "id": "projects/scorpio-216915/serviceAccounts/same-cluster-user-sa@scorpio-216915.iam.gserviceaccount.com",
            "name": "projects/scorpio-216915/serviceAccounts/same-cluster-user-sa@scorpio-216915.iam.gserviceaccount.com",
            "policy_data": null,
            "project": "scorpio-216915",
            "unique_id": "116599047264881481031"
          },
          "sensitive_attributes": [],
          "private": "bnVsbA=="
        }
      ]
    },
    {
      "mode": "managed",
      "type": "google_service_account",
      "name": "kubeflow_vm",
      "provider": "provider[\"registry.terraform.io/hashicorp/google\"]",
      "instances": [
        {
          "schema_version": 0,
          "attributes": {
            "account_id": "same-cluster-vm-sa",
            "description": "",
            "display_name": "VM (GKE node) service account for same-cluster",
            "email": "same-cluster-vm-sa@scorpio-216915.iam.gserviceaccount.com",
            "id": "projects/scorpio-216915/serviceAccounts/same-cluster-vm-sa@scorpio-216915.iam.gserviceaccount.com",
            "name": "projects/scorpio-216915/serviceAccounts/same-cluster-vm-sa@scorpio-216915.iam.gserviceaccount.com",
            "policy_data": null,
            "project": "scorpio-216915",
            "unique_id": "102734334674500957474"
          },
          "sensitive_attributes": [],
          "private": "bnVsbA=="
        }
      ]
    },
    {
      "mode": "managed",
      "type": "google_service_account",
      "name": "velero",
      "provider": "provider[\"registry.terraform.io/hashicorp/google\"]",
      "instances": [
        {
          "schema_version": 0,
          "attributes": {
            "account_id": "same-cluster-velero",
            "description": "",
            "display_name": "Velero account for same-cluster",
            "email": "same-cluster-velero@scorpio-216915.iam.gserviceaccount.com",
            "id": "projects/scorpio-216915/serviceAccounts/same-cluster-velero@scorpio-216915.iam.gserviceaccount.com",
            "name": "projects/scorpio-216915/serviceAccounts/same-cluster-velero@scorpio-216915.iam.gserviceaccount.com",
            "policy_data": null,
            "project": "scorpio-216915",
            "unique_id": "107175590600268471293"
          },
          "sensitive_attributes": [],
          "private": "bnVsbA=="
        }
      ]
    },
    {
      "mode": "managed",
      "type": "google_service_account_key",
      "name": "cloudsql_proxy_key",
      "provider": "provider[\"registry.terraform.io/hashicorp/google\"]",
      "instances": [
        {
          "schema_version": 0,
          "attributes": {
            "id": "projects/scorpio-216915/serviceAccounts/same-cluster-cloudsqlproxy-sa@scorpio-216915.iam.gserviceaccount.com/keys/1d23898364d238dbe985aefd66cd2bd1d16cb8f4",
            "key_algorithm": "KEY_ALG_RSA_2048",
            "name": "projects/scorpio-216915/serviceAccounts/same-cluster-cloudsqlproxy-sa@scorpio-216915.iam.gserviceaccount.com/keys/1d23898364d238dbe985aefd66cd2bd1d16cb8f4",
            "pgp_key": null,
            "private_key": "ewogICJ0eXBlIjogInNlcnZpY2VfYWNjb3VudCIsCiAgInByb2plY3RfaWQiOiAic2NvcnBpby0yMTY5MTUiLAogICJwcml2YXRlX2tleV9pZCI6ICIxZDIzODk4MzY0ZDIzOGRiZTk4NWFlZmQ2NmNkMmJkMWQxNmNiOGY0IiwKICAicHJpdmF0ZV9rZXkiOiAiLS0tLS1CRUdJTiBQUklWQVRFIEtFWS0tLS0tXG5NSUlFdlFJQkFEQU5CZ2txaGtpRzl3MEJBUUVGQUFTQ0JLY3dnZ1NqQWdFQUFvSUJBUUNXUlZHRzBHeDIvN1hFXG5GMlhpaHIxR3NiaXpEUHpiaDN5QVpiSEZWMnN5bHZ1UHpib2dlK3FQSWNCTGtRNWdYWkROeEYyL09XcGlSNnRLXG56MUFmb0FpVFpJeTN0ZWRhMzVTbFpYNVR6WnQ1dk5VREVheXpmM3R1cTJYbkErRkpTSVF5TllVcXNOV2wvNEFWXG5KK3lTSkFDRFgwT3FFc3ZyM2JOUU9weWZnc3EzSHF1YWJiSWE4RHk3QXhhWDg4N1JKdFZyeTEwZ2tYY29qQWJDXG5WRmJTUUZ2ejFkeERRai9RL1N4NXRDWFFNbWxYRi92aGFJR29RY1p1d013ODUrbXR4eFRRZEZ6dFlRbTFXTHNVXG5nanJ5Ry92M1kvUWUrTnFJVXBEQXJqMDZkbzJHOXhsaG94bG42VjdaQnRQSTJER09EdTMxVVNxSjFFNjF2RUpCXG40dkYrdUgvdEFnTUJBQUVDZ2dFQUJMMU04L2FRNVRQdGRMRFVPcy9MR25heWY1c3lRbTVFZy93eEhpdENxMGJOXG55bHhQdVlTUEFsS3JNUGJ6UUNEVFYxb1JKdDNWdUNIUWlqeDlwM0d4czR4aFQ4NEI3UURPUEdVMkZjaVBWY2laXG40MDNrWjRqbXlMZkpMLzhVVk81ZmxRSFJJR2FSWm5ubmZVTlVGOHZnNUVQVjY0QktSRGNxMTZYeG1LcFVZSEFmXG56R1RoNkd4VFp2YjYrVTFsaHREOHp4Ulo1WE5Zc1djR0RMY1JhUlkxYkJoK29VWmZNT1J3aGRteWZMcG9ad1IxXG5NTUEvNThwd3BhWXhYdUxIMnZvVmRTcVFOVEVhSFp6bklCSWtUcXNUY3M5LysvRTMwNkxDeVJsSHo0TlNuRmxTXG42WnRmTDhwZkk0czc0OGNNaU9CVEE2dUo2enFsS0c2LzNHQU9WR01WMVFLQmdRRFNXV1ROUlNhTDBpbWg0MGZTXG52Y0FlWW80WnRIZ3lXMG91eEQyZGtCNjI3ZmEwZi9nM0JMcitXY1Y3RnV0TUxUM0pydnNZd1c1elpIMTMwcGlPXG5neDRpNTJvOWY2KzNzZEN5eU9GSW42emd2RG9KazBqSFdlMytha0VDZ0RzVkpyMnVoN0lyRk1uV2dHbUhXYnlZXG4xWlJ0bDN3dE1MeEhkUXRBNHlxMnNxNVhjd0tCZ1FDMjRoU2ZVUjFQNWZRWGFUTmYvMFlRa25KR1M1NmpkSDI3XG5TcDAxMVZCRi9kVG80QVc4R2ZWM0NYenVDOGFLV083YWZCQndzd05UQjI4cnFKYWFQS0E0dU52aFNSNUZhcEszXG5UTldKVWVRaGo4S21YM0tzWnlydHdjd2NTU1BNb3AzVUFtZTZ5RmRHT0YzMC9tazJaR2F5NWYva20wakhGcGZ6XG5lN1lKY3hBekh3S0JnRHRobXhCTHRpOEFuRm9rTkZGczJjQjZLQTFmb2hMdExJcjVRVCtxd05ENWFvellGM1ZJXG5zNVU4T0lDZ0hycTVodGpadWU3cUpFa1ZGRXB3UERyM0R0bmhwRjlLSFl2bytiYU8rUElzaVh4RUJzcFBOdHQ0XG5LclNJd0dONVdiU0Y1RVJSOEYwekdDdWl3cWZBRUhyQXlJOExsYldZTFg2cXJ3dVpWYVNQMnFHN0FvR0FMUk5TXG5FK1p4UEJVb2NYQzdlZWk0UXpObE9SQkFYSGRFMmhuTTM4emd5UytELzVYZnMvb045elgrZGNtdk9NQXN0dXNuXG5QaS9SSFBEVEpNYWJ3QTQ3UzErOHlpMDBhZFdYcmRnaE5ZUmFueThJd2VyNm42V1ovaG5yRGZtMCtpWUdrbys1XG5NMTlYcTNZUEttaGVWRXF3eVYxSkVmWjRIS0hqOTk1QkF0azZYKzhDZ1lFQXFLZWM1amxGVzVhZFM4MmxqdU5mXG5sbCtQR1p1Z1FsQm9wV1IrckEvMDNhZjI3dHRIai9Dc1VjT0lGMXR5Y3Q5ZGorcHRWeFNBMnRrRWpDNDd1Rjl2XG54SDRiVnZ3Nk9pa3pWY2Z6SzVLampDamw2bEp6RkRjdWFSemdZeU1qbW9kY0lpbkFBM1NkMHY4OUltQTV0RVpIXG5yUitzSXBkN2tzTm1aZWtPeVcyTThMdz1cbi0tLS0tRU5EIFBSSVZBVEUgS0VZLS0tLS1cbiIsCiAgImNsaWVudF9lbWFpbCI6ICJzYW1lLWNsdXN0ZXItY2xvdWRzcWxwcm94eS1zYUBzY29ycGlvLTIxNjkxNS5pYW0uZ3NlcnZpY2VhY2NvdW50LmNvbSIsCiAgImNsaWVudF9pZCI6ICIxMDI3MDA1ODYxMDc1ODY3NzgyNDAiLAogICJhdXRoX3VyaSI6ICJodHRwczovL2FjY291bnRzLmdvb2dsZS5jb20vby9vYXV0aDIvYXV0aCIsCiAgInRva2VuX3VyaSI6ICJodHRwczovL29hdXRoMi5nb29nbGVhcGlzLmNvbS90b2tlbiIsCiAgImF1dGhfcHJvdmlkZXJfeDUwOV9jZXJ0X3VybCI6ICJodHRwczovL3d3dy5nb29nbGVhcGlzLmNvbS9vYXV0aDIvdjEvY2VydHMiLAogICJjbGllbnRfeDUwOV9jZXJ0X3VybCI6ICJodHRwczovL3d3dy5nb29nbGVhcGlzLmNvbS9yb2JvdC92MS9tZXRhZGF0YS94NTA5L3NhbWUtY2x1c3Rlci1jbG91ZHNxbHByb3h5LXNhJTQwc2NvcnBpby0yMTY5MTUuaWFtLmdzZXJ2aWNlYWNjb3VudC5jb20iCn0K",
            "private_key_encrypted": null,
            "private_key_fingerprint": null,
            "private_key_type": "TYPE_GOOGLE_CREDENTIALS_FILE",
            "public_key": "LS0tLS1CRUdJTiBDRVJUSUZJQ0FURS0tLS0tCk1JSUMvRENDQWVTZ0F3SUJBZ0lJQXd0dHhlTmVaM3d3RFFZSktvWklodmNOQVFFRkJRQXdJREVlTUJ3R0ExVUUKQXhNVk1UQXlOekF3TlRnMk1UQTNOVGcyTnpjNE1qUXdNQ0FYRFRJeE1ERXlNVEF5TXpVeE1sb1lEems1T1RreApNak14TWpNMU9UVTVXakFnTVI0d0hBWURWUVFERXhVeE1ESTNNREExT0RZeE1EYzFPRFkzTnpneU5EQXdnZ0VpCk1BMEdDU3FHU0liM0RRRUJBUVVBQTRJQkR3QXdnZ0VLQW9JQkFRQ1dSVkdHMEd4Mi83WEVGMlhpaHIxR3NiaXoKRFB6YmgzeUFaYkhGVjJzeWx2dVB6Ym9nZStxUEljQkxrUTVnWFpETnhGMi9PV3BpUjZ0S3oxQWZvQWlUWkl5Mwp0ZWRhMzVTbFpYNVR6WnQ1dk5VREVheXpmM3R1cTJYbkErRkpTSVF5TllVcXNOV2wvNEFWSit5U0pBQ0RYME9xCkVzdnIzYk5RT3B5ZmdzcTNIcXVhYmJJYThEeTdBeGFYODg3Ukp0VnJ5MTBna1hjb2pBYkNWRmJTUUZ2ejFkeEQKUWovUS9TeDV0Q1hRTW1sWEYvdmhhSUdvUWNadXdNdzg1K210eHhUUWRGenRZUW0xV0xzVWdqcnlHL3YzWS9RZQorTnFJVXBEQXJqMDZkbzJHOXhsaG94bG42VjdaQnRQSTJER09EdTMxVVNxSjFFNjF2RUpCNHZGK3VIL3RBZ01CCkFBR2pPREEyTUF3R0ExVWRFd0VCL3dRQ01BQXdEZ1lEVlIwUEFRSC9CQVFEQWdlQU1CWUdBMVVkSlFFQi93UU0KTUFvR0NDc0dBUVVGQndNQ01BMEdDU3FHU0liM0RRRUJCUVVBQTRJQkFRQXJmK09kOGRCRTh1aDJMNkRuSjNoVwprUFJ0Vng1TTBsR3E2OVJ5U2RZNzh3N0lOUjJBMmJ3bS9rRWVvZ2k3TlJaNHh6UGVac3NCMzF6V0VKejBzY2tJCjF6czdkdklLd2NxQTBpdTUyeXZxVkJSTUJjcjdGd01jbTE3bUNpMXY1LzNFUmd6N0lVV0J4OHJHc0x2RXBhNTIKSDdJeVovTnJLZ1hBTFRRZGRZZzJrdGZ1TzNQZ2hZMmQ0WUtFQmEvV0grZW5DckNHNDFDNGZDZjQvSmJXbWZhTwp6MnFBUTMwWFR1dUk3MHdubWtNSGhHeElWektXOWt2emhWOUN2WG9hY2pTZXp6cUx6NUxGWFpGNkhqbWp1NWp1ClFTblFpOGc1YllZOG9SNzhKWFR6d3ArMXYxdnQ1dzMraHoycHplcFBRWHhTS1RjalpoRmtrUW9lYVQxVTRLL0gKLS0tLS1FTkQgQ0VSVElGSUNBVEUtLS0tLQo=",
            "public_key_type": "TYPE_X509_PEM_FILE",
            "service_account_id": "projects/scorpio-216915/serviceAccounts/same-cluster-cloudsqlproxy-sa@scorpio-216915.iam.gserviceaccount.com",
            "valid_after": "2021-01-21T02:35:12Z",
            "valid_before": "9999-12-31T23:59:59Z"
          },
          "sensitive_attributes": [],
          "private": "bnVsbA==",
          "dependencies": [
            "google_service_account.cloudsql_proxy"
          ]
        }
      ]
    },
    {
      "mode": "managed",
      "type": "google_service_account_key",
      "name": "kubeflow_admin_key",
      "provider": "provider[\"registry.terraform.io/hashicorp/google\"]",
      "instances": [
        {
          "schema_version": 0,
          "attributes": {
            "id": "projects/scorpio-216915/serviceAccounts/same-cluster-admin-sa@scorpio-216915.iam.gserviceaccount.com/keys/28c09b5aea026a68d462d4cfa8cfae147765fc25",
            "key_algorithm": "KEY_ALG_RSA_2048",
            "name": "projects/scorpio-216915/serviceAccounts/same-cluster-admin-sa@scorpio-216915.iam.gserviceaccount.com/keys/28c09b5aea026a68d462d4cfa8cfae147765fc25",
            "pgp_key": null,
            "private_key": "ewogICJ0eXBlIjogInNlcnZpY2VfYWNjb3VudCIsCiAgInByb2plY3RfaWQiOiAic2NvcnBpby0yMTY5MTUiLAogICJwcml2YXRlX2tleV9pZCI6ICIyOGMwOWI1YWVhMDI2YTY4ZDQ2MmQ0Y2ZhOGNmYWUxNDc3NjVmYzI1IiwKICAicHJpdmF0ZV9rZXkiOiAiLS0tLS1CRUdJTiBQUklWQVRFIEtFWS0tLS0tXG5NSUlFdmdJQkFEQU5CZ2txaGtpRzl3MEJBUUVGQUFTQ0JLZ3dnZ1NrQWdFQUFvSUJBUUNhdVhwR1hlbW5zTUM2XG5OSFZYNkM3Z2wxVXZyOEY1UTRQeVJvdUxBOTlnNTlFRzZzejg1YlNUR05PLzMzL1pLb0xWZ1VCNXM0TmJxLzZ0XG5KL09MVml1VmMzSitlUEFYUTl6THlTWDdLRGNsdVhabHkzaFF4cjBEYXdzNXRMU2tGN3VhdWNEN1ZDR3A5cURMXG5GbWs2cm9FendPNjFlM2Z3NUVSZnM0aXFIWFhZYlZGSkwyVERQS0pEcHF6SzQveWZDRmNWTkdUYjl5WmxLVmNuXG5PWVYrN3RKOVpHL01YVnk5ZWdsa3lYdkx2SXdjRjNLSUg5NGxYdHNKYmRLc3paaTdFeFlHSnZ6LzNTRy9kNFczXG5CVUFPSm5WUnlaUVQraUV4c1BrekxJVHp3SjNKOC8zV0FocmtRdlZqZ3FmRG9OUUVSUFFCQ3RUdldaelZzTWFzXG5xYUJXOWhKUEFnTUJBQUVDZ2dFQVFGcmpZLzlOMzJUaVZORGErZXhtQ3g2RzNTWFNhRmpQdWVianhiZWZvdFBwXG5HbUp4VHNOUVgxcVZRSnA2dDk0NXV3cGV3Z0FMcEFhZkVIQ3NtUWtIYWNzeUZTN0NWanJ3eklabTJOZDZVS09hXG5mbTZxSlpiMEtVYk56WHUvSXYySUY2d3BlNkFidkhFTG9rMDVDYUpwdFJnTGNjcmdNWDhRZlduVWIwVi9yYnZzXG55bXViM2wwQmdxYlpWZGcyWXRIbll3Nm1SWGx5ZHM2a2xzckdiNm4xd01MOUhUVjNmRWtRV1hBczVGTWg0ZTd2XG5JTkxUSC9IV1BNNGtHTTdLeWMvWFJrcHhFdkFuQi9XSkNyNXNVcDRLZ3BTczNzSThFbkZ4M2hhSXBsVkk3Wjg2XG5TcGFDeHBLQUVyU0huTXBrTDRpcHNBZTRROTlMSWo4MzJxWG44UFJXOFFLQmdRRE4zbCsybUU5UzFBNVR3Z1F0XG5iV2FNVFE4cGZKaGNnUG1EaVhSSXNPbU1NUnNMa2V5Z1dzNDFXTVRmckVHTkRTdXRNNm1OUDVBRXF3cE9tUzV1XG5ZbDhuQ2xwU0tmSXRrRUxkTUNDS1AvRC81REY2N25qSVFUdFFyNWNCVkM3RUgvaHowMUcxUG1LOGFoRmVOMnhrXG5sNW9pdm03TFJLbFc3REsrQ2gyVFFPUGcrUUtCZ1FEQVp0VytsWWVtVHowR3AvOHozb3Nxa3d2UTAzVzk1V3FFXG41TDlIL3NTQjlHbnhlUlc4ZEJpeVg4UDVwYXlCZkQ5M1lqWXNXNkg3ZktLR0VXOUJHd1lQZWdEeUgwTXZyKzJmXG5MZ3ZqOUZXZmZ1YVdWczhnNTJSZHBBdmJpWk5nNjNMUjdCRXBuZ3pjK1cvV2lhUVVrcVhBM1o2NjloaWhWUXgwXG5DVU5UK1Vpbmh3S0JnUUNtcjBGaDcycHlqdjNXdFVWNm5wU2tUcFJUSysyVklGeG1Nem55elVNYjNucWVZSlZ0XG50SGczMjFyMEcxMnIzaGthRUxWY2h6V05nZ3REWG1Xb3ZIOThkYlp4eGtLdXY1cFR5dTdkNFMyNWtzSzVYVEp3XG5PZGpUMklmMGJIdTlFb0d4RGsyZTZSYzZwTXJSTlNEUFJheG9Lelk3NEtrWGx3RHl1Ky84VlZMc3lRS0JnQy9lXG5KZFdKdkRyN1FkS1RIMklYUHdaem1SLzJURGZYaVAzUkwybkpEN2pKUjBabGVxdnRNbXZHZWFwMXRvcHNrQm15XG5uSW5Dcm5VMEYvZEZCU25zZ0VCL2VSYkVBbUl0NGUrVmRDM2RqeVBrWFpnUHR1Nlh3eGV0QmFveit5L0V4RWRIXG45U2ttZ2tyRDREZysvRXlHQTZrTk9qMkhscThreXJsZnlKbHV6czJuQW9HQkFJMDJJbHFtV1dTM0dPZjdyMEFSXG5YcWRIOHE4d01PaFExbFFwblF5ZDhMSUlybkpCaVNXYXVuelNUZHM0UVhVMERtSncvMHZuQ25SdjJJOVhIWE1zXG5jdlRrRmFnbmsvKzBDRVpHK1R0YjB6b2VLOHc0RU1sNi9uNjhjNXE1aVAwMkx6bXBZZ3F5dUpCYk5zdElURGJuXG54ajFieW9xbi8wQUE0V0xOY2xYdjkxeDBcbi0tLS0tRU5EIFBSSVZBVEUgS0VZLS0tLS1cbiIsCiAgImNsaWVudF9lbWFpbCI6ICJzYW1lLWNsdXN0ZXItYWRtaW4tc2FAc2NvcnBpby0yMTY5MTUuaWFtLmdzZXJ2aWNlYWNjb3VudC5jb20iLAogICJjbGllbnRfaWQiOiAiMTE0ODE5NTUzNjgwMTYzMDk3MDM2IiwKICAiYXV0aF91cmkiOiAiaHR0cHM6Ly9hY2NvdW50cy5nb29nbGUuY29tL28vb2F1dGgyL2F1dGgiLAogICJ0b2tlbl91cmkiOiAiaHR0cHM6Ly9vYXV0aDIuZ29vZ2xlYXBpcy5jb20vdG9rZW4iLAogICJhdXRoX3Byb3ZpZGVyX3g1MDlfY2VydF91cmwiOiAiaHR0cHM6Ly93d3cuZ29vZ2xlYXBpcy5jb20vb2F1dGgyL3YxL2NlcnRzIiwKICAiY2xpZW50X3g1MDlfY2VydF91cmwiOiAiaHR0cHM6Ly93d3cuZ29vZ2xlYXBpcy5jb20vcm9ib3QvdjEvbWV0YWRhdGEveDUwOS9zYW1lLWNsdXN0ZXItYWRtaW4tc2ElNDBzY29ycGlvLTIxNjkxNS5pYW0uZ3NlcnZpY2VhY2NvdW50LmNvbSIKfQo=",
            "private_key_encrypted": null,
            "private_key_fingerprint": null,
            "private_key_type": "TYPE_GOOGLE_CREDENTIALS_FILE",
            "public_key": "LS0tLS1CRUdJTiBDRVJUSUZJQ0FURS0tLS0tCk1JSUMvRENDQWVTZ0F3SUJBZ0lJWnpnaTlXK0ZaQ3N3RFFZSktvWklodmNOQVFFRkJRQXdJREVlTUJ3R0ExVUUKQXhNVk1URTBPREU1TlRVek5qZ3dNVFl6TURrM01ETTJNQ0FYRFRJeE1ERXlNVEF5TXpVeE1sb1lEems1T1RreApNak14TWpNMU9UVTVXakFnTVI0d0hBWURWUVFERXhVeE1UUTRNVGsxTlRNMk9EQXhOak13T1Rjd016WXdnZ0VpCk1BMEdDU3FHU0liM0RRRUJBUVVBQTRJQkR3QXdnZ0VLQW9JQkFRQ2F1WHBHWGVtbnNNQzZOSFZYNkM3Z2wxVXYKcjhGNVE0UHlSb3VMQTk5ZzU5RUc2c3o4NWJTVEdOTy8zMy9aS29MVmdVQjVzNE5icS82dEovT0xWaXVWYzNKKwplUEFYUTl6THlTWDdLRGNsdVhabHkzaFF4cjBEYXdzNXRMU2tGN3VhdWNEN1ZDR3A5cURMRm1rNnJvRXp3TzYxCmUzZnc1RVJmczRpcUhYWFliVkZKTDJURFBLSkRwcXpLNC95ZkNGY1ZOR1RiOXlabEtWY25PWVYrN3RKOVpHL00KWFZ5OWVnbGt5WHZMdkl3Y0YzS0lIOTRsWHRzSmJkS3N6Wmk3RXhZR0p2ei8zU0cvZDRXM0JVQU9KblZSeVpRVAoraUV4c1BrekxJVHp3SjNKOC8zV0FocmtRdlZqZ3FmRG9OUUVSUFFCQ3RUdldaelZzTWFzcWFCVzloSlBBZ01CCkFBR2pPREEyTUF3R0ExVWRFd0VCL3dRQ01BQXdEZ1lEVlIwUEFRSC9CQVFEQWdlQU1CWUdBMVVkSlFFQi93UU0KTUFvR0NDc0dBUVVGQndNQ01BMEdDU3FHU0liM0RRRUJCUVVBQTRJQkFRQnRJMk9qdkxTamhSUkVaSWhHNEFlNwpjNkZ5eHZENnZSMllxMTZ5Z0xPMG9MQXA5RlZOdVNhWG15M2xqR3RXRmduMzByVXhxQW1adDU0QW8zSlpxVU9MCjR4a0dCNUFDZDNHaTV3b0liaDc1VG5ZTVFTRU5LY0c3NzdPakEwK1g4aVlJZzdlclRRd1JKblhHZmc0eHQxMkwKR0lXcDVvU3BlT3Buc21uaDFreXhMRHF5YW9QeVZ3RUxFRTdRSXQ0ZWZsOXBzenc4VWlKOUhiS3pqMzErOHZGZgpKRjNEZzBuZWlxN2lDNkNOTWZXNjNYUkd1bHN3a29JNkZIRUpLV2QxdnBLb1N0WlIwcXc4QzNTZGdWZy9zcWNMCm1iaFhJc0xzbTYyMXZKSkE2bkZickxTcWlBS0FjcFNzN2s2YnhMK29YeG5WTUNIZmxtcDdEOC9VaFdRZ2NSM04KLS0tLS1FTkQgQ0VSVElGSUNBVEUtLS0tLQo=",
            "public_key_type": "TYPE_X509_PEM_FILE",
            "service_account_id": "projects/scorpio-216915/serviceAccounts/same-cluster-admin-sa@scorpio-216915.iam.gserviceaccount.com",
            "valid_after": "2021-01-21T02:35:12Z",
            "valid_before": "9999-12-31T23:59:59Z"
          },
          "sensitive_attributes": [],
          "private": "bnVsbA==",
          "dependencies": [
            "google_service_account.kubeflow_admin"
          ]
        }
      ]
    },
    {
      "mode": "managed",
      "type": "google_service_account_key",
      "name": "kubeflow_user_key",
      "provider": "provider[\"registry.terraform.io/hashicorp/google\"]",
      "instances": [
        {
          "schema_version": 0,
          "attributes": {
            "id": "projects/scorpio-216915/serviceAccounts/same-cluster-user-sa@scorpio-216915.iam.gserviceaccount.com/keys/f0bbd71fe3bede7b9009dd7f1ce013ca64b99477",
            "key_algorithm": "KEY_ALG_RSA_2048",
            "name": "projects/scorpio-216915/serviceAccounts/same-cluster-user-sa@scorpio-216915.iam.gserviceaccount.com/keys/f0bbd71fe3bede7b9009dd7f1ce013ca64b99477",
            "pgp_key": null,
            "private_key": "ewogICJ0eXBlIjogInNlcnZpY2VfYWNjb3VudCIsCiAgInByb2plY3RfaWQiOiAic2NvcnBpby0yMTY5MTUiLAogICJwcml2YXRlX2tleV9pZCI6ICJmMGJiZDcxZmUzYmVkZTdiOTAwOWRkN2YxY2UwMTNjYTY0Yjk5NDc3IiwKICAicHJpdmF0ZV9rZXkiOiAiLS0tLS1CRUdJTiBQUklWQVRFIEtFWS0tLS0tXG5NSUlFdlFJQkFEQU5CZ2txaGtpRzl3MEJBUUVGQUFTQ0JLY3dnZ1NqQWdFQUFvSUJBUUN4eGtmUTVWR2NiMUI4XG42VVE4UFlDY1V5c1RPTVJNNnBGOHg5eUYxL1NJRDQxOStnRGRQbXpGdzllRHhpUkJpaERTTlJZZzdEM3Y4bWVXXG5LQzh6UWhDS0k2NWszT2RFUk01SWhlbVk4QnNZUXQ4NGFybER5OFJOTjZlcnVia3YvbE1PMmcwR1BnUFphczhFXG5nU28yK05YMVZOaklxZjZPSFJsMm02QVkxeFdxeDRzVGJVZXBrT253SUJWc3BKcXhld3ByZmZpd0NSd1N0UzVyXG4vbFpDd3h0UEl5UC84UmxjeFliQXhCeEpVd0o0Mm5rL2QrcnNpZGMrVjZBcTJESTRDMk91OU9CU3RrTFQ3SU15XG5icnErR0tLb1BsRWcwS3RKQW1IeUtGSzNLMk1FcE4xSUNpWDQrbWJWT2xLMXBpMnd6dENWUGJBZHk2WitYb0hJXG5xK2M5Tk9tTEFnTUJBQUVDZ2dFQUMzNmNGeVEwdGk0MllKVStuYnlHUzlWTzFEUFg4WGM3Ui91dVJSTTFFdlVhXG5lM3BHUXdmdHhZM0hxaFFPTlJTbHlNbTQ4QkVHWWpUa3dMOUJhZ21NQXpxU1pLQXA3ZTZhL2ZKMnE3WmVzaDlrXG55b09RRGhPblVpeldrUkoxcUdaRDNaSjR4QjRQWnFmeTBjSStSZ2FwNHU2RkE5aUdCbzlZSGFTcllkL0tYVnZrXG40Vno4U29KdEhvdm9yTDNSc1N6T3ZTRCsxTVc4cFJMRkdtWjd4MDFBc1Zyd0lPblVoUDMxVy9oL0tQSkJGWDVMXG5LTUdacVcwK1hVYm1YR1hTZGVRUEtyYjZCb2Znd054aHpiRExLSG94QlVpMmo5VzFtVFgxZ245WHRvbWxVS2NhXG5XUVUvaUZuVTNwY3I3Q2hQNUZZRklOZ2M5dFlOMTNBcFl0Y3hVKzhpcFFLQmdRRHRqcG9ZSlRXZVpLMnpTNDNuXG41WDhWS2xxNVNKZjgxYVlIdGhHU0tnQ1I4amxBUldzUGNOM1czY0laSlMrb29qV0RFa2ZiWWZ4Y0kyMkg3YmlYXG5ha2ZsNUJtcEdYQWNoYmZPK2NsaFlIbTFyOXFGQ2lJeGVWVytMMExtTUFvWG00R0E5d0QxWHdFWXNXaThod2p5XG40ekJjV2xNdHo4QjQ3UTZOaitDaWxGZEdId0tCZ1FDL2s0TnVZSVRDeFhqR0VzMG1Ub2xqMkNBekFOT0tMbExWXG5VdmFTZ3JqdVphcGxnVEcwejNPc1JDa2ZMUjFXaCs4RXl4OHVJNFluUUN4Y0FRL1ljVDF1ZGc3YXMyZVo2K2ZoXG5BMXNVbVhCUk1tY0NKOE1VcDQ2Q3NCWWlZTTU2THJsR2dBQk9VWk84MmZZYkFxWko1Y0pmSjNxTGpSVmdoc1VpXG50YUgzTzVTM0ZRS0JnQmZ6MlBXMlNzRzl4UVhmQ0YvcGMvYmVYbWR3T21MejU5bS9NZVphOWRQQmFLUmlXM2tqXG5HRHNpQVFBb0Q3WWhKT1FpWTd4ckZOYjFlNFhKSW1PaUE3M2FVZndLNUpMN3FKemw4cmd1MGhiUHRHalZyTHp3XG5Ud1R1SHdDMnQwM0tFRFRBc3dnS25FR3hJYTVncnpaT1VnSDkyWVUwL1dNMEE5T2lQalFtWU9aaEFvR0FabkNXXG53eHJSWXVUOUk4MUI3YzNwSVg2Y0dTbkQ5QXU1TjJEWmdKWnVGT3hBSlc3a0NXODB4MVRiT0ZTRGI1WFlkWk8zXG41SkFTV0VLMGRhNExydzArY0NhbzRzRTBFTlpZYzdXN3FsUXgvdmtZbzhwblFsQW1vRE5RWXFtcFB5Ums1aEhrXG5GL3ovSnVqVjlMT0IvOW5nQ2NtdWVaakRhWTRuTTl3ejgyUGtyZEVDZ1lFQW0vc2YzVGNTbTZaUkZXdm43Y2syXG5Bb3BUcDJJZGtWeDBCRmtKaVJtK25CUjBWNXkwUVNXMGI4dFRvbFRkTUhoZTBxMm9Mek45b0lHVkVTR0xraEZJXG5QUDM5NFpPdFRUK25ZZ1JMV01hZWlubFlnZmMvb0lWRmdZVmVWYjZ1VTFaWlBXMzdiN09TemZYWko4UVlxclZuXG52Nmw3WmRyOU05bDFoZWlCR1dRWUlvOD1cbi0tLS0tRU5EIFBSSVZBVEUgS0VZLS0tLS1cbiIsCiAgImNsaWVudF9lbWFpbCI6ICJzYW1lLWNsdXN0ZXItdXNlci1zYUBzY29ycGlvLTIxNjkxNS5pYW0uZ3NlcnZpY2VhY2NvdW50LmNvbSIsCiAgImNsaWVudF9pZCI6ICIxMTY1OTkwNDcyNjQ4ODE0ODEwMzEiLAogICJhdXRoX3VyaSI6ICJodHRwczovL2FjY291bnRzLmdvb2dsZS5jb20vby9vYXV0aDIvYXV0aCIsCiAgInRva2VuX3VyaSI6ICJodHRwczovL29hdXRoMi5nb29nbGVhcGlzLmNvbS90b2tlbiIsCiAgImF1dGhfcHJvdmlkZXJfeDUwOV9jZXJ0X3VybCI6ICJodHRwczovL3d3dy5nb29nbGVhcGlzLmNvbS9vYXV0aDIvdjEvY2VydHMiLAogICJjbGllbnRfeDUwOV9jZXJ0X3VybCI6ICJodHRwczovL3d3dy5nb29nbGVhcGlzLmNvbS9yb2JvdC92MS9tZXRhZGF0YS94NTA5L3NhbWUtY2x1c3Rlci11c2VyLXNhJTQwc2NvcnBpby0yMTY5MTUuaWFtLmdzZXJ2aWNlYWNjb3VudC5jb20iCn0K",
            "private_key_encrypted": null,
            "private_key_fingerprint": null,
            "private_key_type": "TYPE_GOOGLE_CREDENTIALS_FILE",
            "public_key": "LS0tLS1CRUdJTiBDRVJUSUZJQ0FURS0tLS0tCk1JSUMvRENDQWVTZ0F3SUJBZ0lJZENVMHJwUUpvNmt3RFFZSktvWklodmNOQVFFRkJRQXdJREVlTUJ3R0ExVUUKQXhNVk1URTJOVGs1TURRM01qWTBPRGd4TkRneE1ETXhNQ0FYRFRJeE1ERXlNVEF5TXpVeU9Gb1lEems1T1RreApNak14TWpNMU9UVTVXakFnTVI0d0hBWURWUVFERXhVeE1UWTFPVGt3TkRjeU5qUTRPREUwT0RFd016RXdnZ0VpCk1BMEdDU3FHU0liM0RRRUJBUVVBQTRJQkR3QXdnZ0VLQW9JQkFRQ3h4a2ZRNVZHY2IxQjg2VVE4UFlDY1V5c1QKT01STTZwRjh4OXlGMS9TSUQ0MTkrZ0RkUG16Rnc5ZUR4aVJCaWhEU05SWWc3RDN2OG1lV0tDOHpRaENLSTY1awozT2RFUk01SWhlbVk4QnNZUXQ4NGFybER5OFJOTjZlcnVia3YvbE1PMmcwR1BnUFphczhFZ1NvMitOWDFWTmpJCnFmNk9IUmwybTZBWTF4V3F4NHNUYlVlcGtPbndJQlZzcEpxeGV3cHJmZml3Q1J3U3RTNXIvbFpDd3h0UEl5UC8KOFJsY3hZYkF4QnhKVXdKNDJuay9kK3JzaWRjK1Y2QXEyREk0QzJPdTlPQlN0a0xUN0lNeWJycStHS0tvUGxFZwowS3RKQW1IeUtGSzNLMk1FcE4xSUNpWDQrbWJWT2xLMXBpMnd6dENWUGJBZHk2WitYb0hJcStjOU5PbUxBZ01CCkFBR2pPREEyTUF3R0ExVWRFd0VCL3dRQ01BQXdEZ1lEVlIwUEFRSC9CQVFEQWdlQU1CWUdBMVVkSlFFQi93UU0KTUFvR0NDc0dBUVVGQndNQ01BMEdDU3FHU0liM0RRRUJCUVVBQTRJQkFRQVExR2FtSnFpUGNkOWpLWm4wdVhmRgpLMjB3UW5GRDJoVUwyS0NFY0NoVVpkeDYwMW11aHhlejdxNFplWjROazQydC8xdld4d20rbGw0OHNJNGFQbDA5Cm1CMkFOcmlQK3NNTmxrWStqemR1cmtwQkJLVU05MElSeTVDZEl4ZisxcjUxYlVQVVYwZEw2UHl6V0YwU2c5MHgKUHdZTVFVSGxZRmtOd0tkdlo5Vkhxd0x2Ni9lbUt2dFAwUCtmTlQvM0ZVNFVreitMWXEwQVEvaFBnaWRWMlZKMQp1WGZQQVFzZjd4MmRkeDcvb28xeTcyNUxFTGVxT1owdURlWVVOR2JlY2xiOWlObEswY2xoSkNMdUwzSkJCY24zClZZYjRZNkxwaWNCWTNuY0hhNkxHVEVuMG5lcnlVWHBGU09QajZsVDRpdXdhV0VNM3dPYUcrYTVxYUlHVW1qd0oKLS0tLS1FTkQgQ0VSVElGSUNBVEUtLS0tLQo=",
            "public_key_type": "TYPE_X509_PEM_FILE",
            "service_account_id": "projects/scorpio-216915/serviceAccounts/same-cluster-user-sa@scorpio-216915.iam.gserviceaccount.com",
            "valid_after": "2021-01-21T02:35:28Z",
            "valid_before": "9999-12-31T23:59:59Z"
          },
          "sensitive_attributes": [],
          "private": "bnVsbA==",
          "dependencies": [
            "google_service_account.kubeflow_user"
          ]
        }
      ]
    },
    {
      "mode": "managed",
      "type": "google_service_account_key",
      "name": "velero",
      "provider": "provider[\"registry.terraform.io/hashicorp/google\"]",
      "instances": [
        {
          "schema_version": 0,
          "attributes": {
            "id": "projects/scorpio-216915/serviceAccounts/same-cluster-velero@scorpio-216915.iam.gserviceaccount.com/keys/dec48b6379cd624ab018a58c947673dc5a71b02b",
            "key_algorithm": "KEY_ALG_RSA_2048",
            "name": "projects/scorpio-216915/serviceAccounts/same-cluster-velero@scorpio-216915.iam.gserviceaccount.com/keys/dec48b6379cd624ab018a58c947673dc5a71b02b",
            "pgp_key": null,
            "private_key": "ewogICJ0eXBlIjogInNlcnZpY2VfYWNjb3VudCIsCiAgInByb2plY3RfaWQiOiAic2NvcnBpby0yMTY5MTUiLAogICJwcml2YXRlX2tleV9pZCI6ICJkZWM0OGI2Mzc5Y2Q2MjRhYjAxOGE1OGM5NDc2NzNkYzVhNzFiMDJiIiwKICAicHJpdmF0ZV9rZXkiOiAiLS0tLS1CRUdJTiBQUklWQVRFIEtFWS0tLS0tXG5NSUlFdkFJQkFEQU5CZ2txaGtpRzl3MEJBUUVGQUFTQ0JLWXdnZ1NpQWdFQUFvSUJBUUNmdXhvVkM4NDRZTVpMXG5tcm42d1dLa3NvckpKbE05eWlEU1h2aS9HQ0xCdTRIN1VHZ3VaTkJMU1g3Z1VoTkowMHBPTFU3S0FqVURhTjV0XG5aYTBLTDBFVE82TThQSjg5S21iWUFmZGNTSlVRS1QzbUR4UVlVZi9oQkQwYzhYK2FwazJQWkpFK0hMa2xGQ1ZrXG5XcE4vYmQwL0Q2V0UvUU9sRFA4cXhmcVl0anhmM3dNTXYydU8zelFuOU5sN3lKeVZsSnIydG05dEEvU3RvQjJyXG5KSjM0MUc5YW0yQmlMdzdQdlZXR3diNzBlZ05lbVN1YWlZdEpjajBEaFlLcHpxNG1ETEkyVU5HcnFwN2hNcEtMXG45RWZKWG1uc1M3cW9icUlaWHZGUUxhNEhhR0xXREhneU1BRTdRQjFzVXdxaGV2QVp4dlNhMzBLcHVwODBkNlJOXG5ZcjRwV0dxOUFnTUJBQUVDZ2dFQU5UajF0dCtKSmpYd3ZNNWdlOUltR1RTNGs4K21XdWRYeW1FRXh6KzJqUkQ2XG5mWS9NTnZFMmltK0J6Q0xzOUdObjFlYTQ0d3liTjNpZzdKaTljTEJRSWFWMGZhVEJkbk1EYzZRc0ZON0dkRzBaXG5oK2VzVFhJOUxXL3BJUlRDN1BmT3ppRzNWNWZnaFI5U1dqN24rTVRWdktadEE0UCt5K2NwdXNuZTl6VjVwb08wXG5DTVZjR0JsenBhVElPR3RBN0VrdkNqRURBZkVrQ1ZHd0VzWDg4eTlVSGlIYXNFVUJnY2dHSVVnM2ZtelN6V2ZPXG5qeXYvWUJJK1BRbVR1NnhXM0o5TnN0cFQyaFQ2YXB1M2MyeHFJZVhqMDRmUWF2RnJ0UTllcW1PcHFqUFlNaERLXG5jTGRmMnNMNlo1eHZSVERNTFlFTVlrRkQ0WERjVWhFelV3QmFZcWNzelFLQmdRRGhOOEs5ZTYvNUc1SUMvSnJ0XG5Yb2Nkd3RRb1NGTU1nVWlBNmNHU3VIOU1uWHRac3hxaGVtZ3ovRE5RWWo4MUFlN2liRWJmWHB3RDBYRVhzVHdEXG54Y1NXMnJxMnNmL1ZjMUQ0OHpnWHhVN2JoS1d3akd1L2NPeXh6SVVRdnlyem82YkY0cEFqWjdoVXY4blRhTklzXG5jRE9EVyszdGJYRXZIT0s1cEdqSndmVVozd0tCZ1FDMWovM0NsYzlaY2hGNjlhTFVvUmFHRzZEQkpiNlFrbWhvXG5OOTl1T25xNmdKQXlMUFNpNWpPdmlvRmkrQ3ZQTncvSk10TnlhZ1BKdDFuOGRBZUJMbCs4czkrbUN3VDl2anNNXG5KNENJaGNRbjNsKzJaWkNOaXJFY2VmV3VwVmIvZjhKSzFmK0xkUlFQMzdpeU5zdGc4QWVrN2hSOVF4UGdrOGg3XG5oWVIxeFFERzR3S0JnRU84b0o2YTE5ZGxlbW5aamNNOHZnaXVjMTdXT2R3MStoZUR0c3VwSCtoc0tSQldkUGtDXG5OdHNEekc4dHpYTGs3UE0rdTZZczcyR2FtWmdWbjBaSE1oUnBIdVVaN2lkRnNxSGRqUTVoTXBHRmVNdjd2K0JwXG5WMWMyZXdNSmJDS3hJdFM3aXJ5TFVuNXkzSUh3TWQ1WnRMU2FicG9OWTVCVzhMNEMrOTFLcjZ3akFvR0FaaDh0XG5ma3RCSzNCTGdMdTA4S0FDeVQrMDlhN0ROeElDZzh3WmNpaVdhMXh3dnFnbW1aR2R0TGpVK2RQWTRGNTZGSkx2XG45OFRGaUtvR2hVYkdDZFVKcUZ3TUNacmRIZFBuNW5nNWhaQ251ajBMM00zWHRxVXg1WEI3emRYVnp6UVBGb1N6XG5qYjgybjQ4WWxiVFlSQmYrVkxoTThmL09xRnkzUVRMaVJGT2drajBDZ1lCL1crNmVTZGE0bEo0TThBSlZvcW90XG5ZbDRQSWFtd2tCT1lHOTZ6amNBcmtsWkhUUXlhWVF5TzR4MDBndWk4S3g4YWNRUUJLd1N2aS9GZ0piYVBrL1VzXG5HdkYvc3NHTU5vUFNxQi9uSGZScGRSZU1aditPenZFVU93Q2VrNFJBRXUzVDhKb29MRFN1Ui9wSnFXS290RTVKXG5rS3AwN1FHZ2VqcjREcjRRVndadmRnPT1cbi0tLS0tRU5EIFBSSVZBVEUgS0VZLS0tLS1cbiIsCiAgImNsaWVudF9lbWFpbCI6ICJzYW1lLWNsdXN0ZXItdmVsZXJvQHNjb3JwaW8tMjE2OTE1LmlhbS5nc2VydmljZWFjY291bnQuY29tIiwKICAiY2xpZW50X2lkIjogIjEwNzE3NTU5MDYwMDI2ODQ3MTI5MyIsCiAgImF1dGhfdXJpIjogImh0dHBzOi8vYWNjb3VudHMuZ29vZ2xlLmNvbS9vL29hdXRoMi9hdXRoIiwKICAidG9rZW5fdXJpIjogImh0dHBzOi8vb2F1dGgyLmdvb2dsZWFwaXMuY29tL3Rva2VuIiwKICAiYXV0aF9wcm92aWRlcl94NTA5X2NlcnRfdXJsIjogImh0dHBzOi8vd3d3Lmdvb2dsZWFwaXMuY29tL29hdXRoMi92MS9jZXJ0cyIsCiAgImNsaWVudF94NTA5X2NlcnRfdXJsIjogImh0dHBzOi8vd3d3Lmdvb2dsZWFwaXMuY29tL3JvYm90L3YxL21ldGFkYXRhL3g1MDkvc2FtZS1jbHVzdGVyLXZlbGVybyU0MHNjb3JwaW8tMjE2OTE1LmlhbS5nc2VydmljZWFjY291bnQuY29tIgp9Cg==",
            "private_key_encrypted": null,
            "private_key_fingerprint": null,
            "private_key_type": "TYPE_GOOGLE_CREDENTIALS_FILE",
            "public_key": "LS0tLS1CRUdJTiBDRVJUSUZJQ0FURS0tLS0tCk1JSUMvRENDQWVTZ0F3SUJBZ0lJZWdxRTNidTlvY2N3RFFZSktvWklodmNOQVFFRkJRQXdJREVlTUJ3R0ExVUUKQXhNVk1UQTNNVGMxTlRrd05qQXdNalk0TkRjeE1qa3pNQ0FYRFRJeE1ERXlNVEF5TXpVeU4xb1lEems1T1RreApNak14TWpNMU9UVTVXakFnTVI0d0hBWURWUVFERXhVeE1EY3hOelUxT1RBMk1EQXlOamcwTnpFeU9UTXdnZ0VpCk1BMEdDU3FHU0liM0RRRUJBUVVBQTRJQkR3QXdnZ0VLQW9JQkFRQ2Z1eG9WQzg0NFlNWkxtcm42d1dLa3NvckoKSmxNOXlpRFNYdmkvR0NMQnU0SDdVR2d1Wk5CTFNYN2dVaE5KMDBwT0xVN0tBalVEYU41dFphMEtMMEVUTzZNOApQSjg5S21iWUFmZGNTSlVRS1QzbUR4UVlVZi9oQkQwYzhYK2FwazJQWkpFK0hMa2xGQ1ZrV3BOL2JkMC9ENldFCi9RT2xEUDhxeGZxWXRqeGYzd01NdjJ1TzN6UW45Tmw3eUp5VmxKcjJ0bTl0QS9TdG9CMnJKSjM0MUc5YW0yQmkKTHc3UHZWV0d3YjcwZWdOZW1TdWFpWXRKY2owRGhZS3B6cTRtRExJMlVOR3JxcDdoTXBLTDlFZkpYbW5zUzdxbwpicUlaWHZGUUxhNEhhR0xXREhneU1BRTdRQjFzVXdxaGV2QVp4dlNhMzBLcHVwODBkNlJOWXI0cFdHcTlBZ01CCkFBR2pPREEyTUF3R0ExVWRFd0VCL3dRQ01BQXdEZ1lEVlIwUEFRSC9CQVFEQWdlQU1CWUdBMVVkSlFFQi93UU0KTUFvR0NDc0dBUVVGQndNQ01BMEdDU3FHU0liM0RRRUJCUVVBQTRJQkFRQ1JsOFM5SWZ3THpJUTh1MUlNa2VFegp3WStpRnA1MjRyRm50TlRKY1p4NHBtZ0pNL2ZUQXR3dy9nZFZCM3U3UkJ2amVjRjZWQ1pHU2N1VzhJdnRPdWZRCllqS09aL2lBTHcrUXZxNURIcGpOcGZJUVMyblozL0ZKK2Z4dU1vYXJBNGJTUldHVHZGeUdLMVFZdzFTY2l2TnUKMElmb2tEYXEzczBOS0pEbUFENElMNTNwdi94NmJ4aHlIaU0veUkvcWFBNTh5N1dEajhSd1NGcnVHamlQQU9ObwpXOFpPTWpMd1ZQM0Q1MFlLMGY5THRMbDhWaHZGcGpBNG5wdnJmRzdValBaZHlCRmd2cmRxbjBBNSt2TFZqSi9pCmFNUWVhNlQ1TkVmai9BaUNrSnVQaCtkTjNxUmlKUjhBdlNMYzVNcXhjanB5Uzl5TFQ1WjFmZW9NQmI5MUltLzkKLS0tLS1FTkQgQ0VSVElGSUNBVEUtLS0tLQo=",
            "public_key_type": "TYPE_X509_PEM_FILE",
            "service_account_id": "projects/scorpio-216915/serviceAccounts/same-cluster-velero@scorpio-216915.iam.gserviceaccount.com",
            "valid_after": "2021-01-21T02:35:27Z",
            "valid_before": "9999-12-31T23:59:59Z"
          },
          "sensitive_attributes": [],
          "private": "bnVsbA==",
          "dependencies": [
            "google_service_account.velero"
          ]
        }
      ]
    },
    {
      "mode": "managed",
      "type": "google_sql_database_instance",
      "name": "metadata_db_instance",
      "provider": "provider[\"registry.terraform.io/hashicorp/google\"]",
      "instances": [
        {
          "schema_version": 0,
          "attributes": {
            "connection_name": "scorpio-216915:us-central1:same-cluster-21bd7f66",
            "database_version": "MYSQL_5_7",
            "first_ip_address": "35.223.171.51",
            "id": "same-cluster-21bd7f66",
            "ip_address": [
              {
                "ip_address": "35.223.171.51",
                "time_to_retire": "",
                "type": "PRIMARY"
              }
            ],
            "master_instance_name": "",
            "name": "same-cluster-21bd7f66",
            "private_ip_address": "",
            "project": "scorpio-216915",
            "public_ip_address": "35.223.171.51",
            "region": "us-central1",
            "replica_configuration": [],
            "self_link": "https://www.googleapis.com/sql/v1beta4/projects/scorpio-216915/instances/same-cluster-21bd7f66",
            "server_ca_cert": [
              {
                "cert": "-----BEGIN CERTIFICATE-----\nMIIDfzCCAmegAwIBAgIBADANBgkqhkiG9w0BAQsFADB3MS0wKwYDVQQuEyQ2OTIz\nMDY1NS05MTc0LTRhZDAtYTYyMS1iOGExOTkxYjliMTUxIzAhBgNVBAMTGkdvb2ds\nZSBDbG91ZCBTUUwgU2VydmVyIENBMRQwEgYDVQQKEwtHb29nbGUsIEluYzELMAkG\nA1UEBhMCVVMwHhcNMjEwMTIxMDIzNTA5WhcNMzEwMTE5MDIzNjA5WjB3MS0wKwYD\nVQQuEyQ2OTIzMDY1NS05MTc0LTRhZDAtYTYyMS1iOGExOTkxYjliMTUxIzAhBgNV\nBAMTGkdvb2dsZSBDbG91ZCBTUUwgU2VydmVyIENBMRQwEgYDVQQKEwtHb29nbGUs\nIEluYzELMAkGA1UEBhMCVVMwggEiMA0GCSqGSIb3DQEBAQUAA4IBDwAwggEKAoIB\nAQCN0uBwp3BBDLSAFSTYTI/YkxFtMqVIIwPU4gVhPsLkPAJ6zCedv2hLjcs6p+Ol\n3utT1aiwJExMdXcNlP0F7YZwvUkZqesv4Ds7mgBKZRwsCMq9O4zmSXiwidn/MaUD\nkJlfHK46O29pytFPju38h1z5z5+Xc9xCuzvdNf8Bj7olNl5JIGJm+lYMYAJU+RIX\nMVRduVAisgJcX3AK5FGfkf43B8mzWR1luRdcL94FIYExmWc1Nm9lGF1ZFLvINsSP\nVelR6qXGriEmnddRVogyxH7QipNLByuAM4bxOh8cgkQNGyGkLIynh+4RwtYEWPxq\ndPeDDxl/StZQ6Xvnzsesq1LpAgMBAAGjFjAUMBIGA1UdEwEB/wQIMAYBAf8CAQAw\nDQYJKoZIhvcNAQELBQADggEBABhiCkLDuTnTQPmkYRU4DsSehOnmpnPvjfIzFobF\n9lAQzzoQCghj9CThn/VCKm0usIgIkvQhlu4vRRU7pq38zcI7b5jkIwmBh9VzgpRB\n3uRKyjNTpFdqhF4HuZeQZxL5BTElaPxItbWNCzanoZnYooAdZB8731zxZsvnZLSb\nsi/q0t9TVJaTgkez23nQgfJkgVRilNV04p6bGmSaEF+trnZhHaH4cahpqFsV5i4d\na8qyBNqEORIxAQv0aFWfNGib7P51+Qhx6cDtJ93m9FgwI3JxjVXx2eBr2/vX71vV\necSZJY889acFsm7/C0MXHKZhVxyvQC/DPUY5lzGl2Y+49W4=\n-----END CERTIFICATE-----",
                "common_name": "C=US,O=Google\\, Inc,CN=Google Cloud SQL Server CA,dnQualifier=69230655-9174-4ad0-a621-b8a1991b9b15",
                "create_time": "2021-01-21T02:35:09.289Z",
                "expiration_time": "2031-01-19T02:36:09.289Z",
                "sha1_fingerprint": "7bd09f0e4d05e06b0eb15ad7a21aa4875fc0b6ca"
              }
            ],
            "service_account_email_address": "p399668206801-933wed@gcp-sa-cloud-sql.iam.gserviceaccount.com",
            "settings": [
              {
                "activation_policy": "ALWAYS",
                "authorized_gae_applications": [],
                "availability_type": "ZONAL",
                "backup_configuration": [
                  {
                    "binary_log_enabled": true,
                    "enabled": true,
                    "location": "",
                    "start_time": "08:00"
                  }
                ],
                "crash_safe_replication": false,
                "database_flags": [],
                "disk_autoresize": true,
                "disk_size": 10,
                "disk_type": "PD_SSD",
                "ip_configuration": [
                  {
                    "authorized_networks": [],
                    "ipv4_enabled": true,
                    "private_network": "",
                    "require_ssl": false
                  }
                ],
                "location_preference": [
                  {
                    "follow_gae_application": "",
                    "zone": "us-central1-c"
                  }
                ],
                "maintenance_window": [],
                "pricing_plan": "PER_USE",
                "replication_type": "SYNCHRONOUS",
                "tier": "db-n1-standard-4",
                "user_labels": {
                  "application": "kubeflow",
                  "cloudsql-instance-suffix": "21bd7f66",
                  "env": "same-test"
                },
                "version": 1
              }
            ],
            "timeouts": null
          },
          "sensitive_attributes": [],
          "private": "eyJlMmJmYjczMC1lY2FhLTExZTYtOGY4OC0zNDM2M2JjN2M0YzAiOnsiY3JlYXRlIjoxMjAwMDAwMDAwMDAwLCJkZWxldGUiOjEyMDAwMDAwMDAwMDAsInVwZGF0ZSI6MTIwMDAwMDAwMDAwMH19",
          "dependencies": [
            "random_id.db_name_suffix"
          ]
        }
      ]
    },
    {
      "mode": "managed",
      "type": "google_sql_user",
      "name": "developer",
      "provider": "provider[\"registry.terraform.io/hashicorp/google\"]",
      "instances": [
        {
          "schema_version": 1,
          "attributes": {
            "host": "%",
            "id": "developer/%/same-cluster-21bd7f66",
            "instance": "same-cluster-21bd7f66",
            "name": "developer",
            "password": "6NoO@2qN\u0026*lr",
            "project": "scorpio-216915"
          },
          "sensitive_attributes": [],
          "private": "eyJzY2hlbWFfdmVyc2lvbiI6IjEifQ==",
          "dependencies": [
            "google_sql_database_instance.metadata_db_instance",
            "random_id.db_name_suffix"
          ]
        }
      ]
    },
    {
      "mode": "managed",
      "type": "google_sql_user",
      "name": "read_only_user",
      "provider": "provider[\"registry.terraform.io/hashicorp/google\"]",
      "instances": [
        {
          "schema_version": 1,
          "attributes": {
            "host": "%",
            "id": "read_only/%/same-cluster-21bd7f66",
            "instance": "same-cluster-21bd7f66",
            "name": "read_only",
            "password": "y9L1$wVMjtHq",
            "project": "scorpio-216915"
          },
          "sensitive_attributes": [],
          "private": "eyJzY2hlbWFfdmVyc2lvbiI6IjEifQ==",
          "dependencies": [
            "google_sql_database_instance.metadata_db_instance",
            "random_id.db_name_suffix"
          ]
        }
      ]
    },
    {
      "mode": "managed",
      "type": "google_sql_user",
      "name": "root_user",
      "provider": "provider[\"registry.terraform.io/hashicorp/google\"]",
      "instances": [
        {
          "schema_version": 1,
          "attributes": {
            "host": "%",
            "id": "root/%/same-cluster-21bd7f66",
            "instance": "same-cluster-21bd7f66",
            "name": "root",
            "password": "",
            "project": "scorpio-216915"
          },
          "sensitive_attributes": [],
          "private": "eyJzY2hlbWFfdmVyc2lvbiI6IjEifQ==",
          "dependencies": [
            "google_sql_database_instance.metadata_db_instance",
            "random_id.db_name_suffix"
          ]
        }
      ]
    },
    {
      "mode": "managed",
      "type": "google_storage_bucket",
      "name": "backup_bucket",
      "provider": "provider[\"registry.terraform.io/hashicorp/google\"]",
      "instances": [
        {
          "schema_version": 0,
          "attributes": {
            "bucket_policy_only": true,
            "cors": [],
            "encryption": [],
            "force_destroy": false,
            "id": "scorpio-216915_us-central1_same-cluster_backup",
            "labels": {},
            "lifecycle_rule": [],
            "location": "EU",
            "logging": [],
            "name": "scorpio-216915_us-central1_same-cluster_backup",
            "predefined_acl": null,
            "project": "scorpio-216915",
            "requester_pays": false,
            "retention_policy": [],
            "self_link": "https://www.googleapis.com/storage/v1/b/scorpio-216915_us-central1_same-cluster_backup",
            "storage_class": "STANDARD",
            "url": "gs://scorpio-216915_us-central1_same-cluster_backup",
            "versioning": [],
            "website": []
          },
          "sensitive_attributes": [],
          "private": "bnVsbA=="
        }
      ]
    },
    {
      "mode": "managed",
      "type": "google_storage_bucket_iam_binding",
      "name": "ark_bucket_iam",
      "provider": "provider[\"registry.terraform.io/hashicorp/google\"]",
      "instances": [
        {
          "schema_version": 0,
          "attributes": {
            "bucket": "scorpio-216915_us-central1_same-cluster_backup",
            "etag": "CAI=",
            "id": "scorpio-216915_us-central1_same-cluster_backup/roles/storage.objectAdmin",
            "members": [
              "serviceAccount:same-cluster-velero@scorpio-216915.iam.gserviceaccount.com"
            ],
            "role": "roles/storage.objectAdmin"
          },
          "sensitive_attributes": [],
          "private": "bnVsbA==",
          "dependencies": [
            "google_service_account.velero",
            "google_storage_bucket.backup_bucket"
          ]
        }
      ]
    },
    {
      "mode": "managed",
      "type": "null_resource",
      "name": "delete_default_kube_dns_configmap",
      "provider": "provider[\"registry.terraform.io/hashicorp/null\"]",
      "instances": []
    },
    {
      "mode": "managed",
      "type": "null_resource",
      "name": "delete_metrics_server_config_configmap",
      "provider": "provider[\"registry.terraform.io/hashicorp/null\"]",
      "instances": []
    },
    {
      "mode": "managed",
      "type": "random_id",
      "name": "db_name_suffix",
      "provider": "provider[\"registry.terraform.io/hashicorp/random\"]",
      "instances": [
        {
          "schema_version": 0,
          "attributes": {
            "b64": "Ib1_Zg",
            "b64_std": "Ib1/Zg==",
            "b64_url": "Ib1_Zg",
            "byte_length": 4,
            "dec": "566067046",
            "hex": "21bd7f66",
            "id": "Ib1_Zg",
            "keepers": null,
            "prefix": null
          },
          "sensitive_attributes": [],
          "private": "bnVsbA=="
        }
      ]
    }
  ]
}
